github.com/gorilla/mux v1.8.0 h1:i40X+pP0I29wsMIgT+0a1hQBviP3O2zVp-pI3N80ZA8=
github.com/gorilla/mux v1.8.0/go.mod h1:iJdaHjSAceNoP/6h6fGf1w2we55oJclO82bO1xK3pXA=
github.com/jackc/pgpassfile v1.0.0 h1:tBfcB384Bv5T8N+lA854oR2bB2r3/D3w44jd2E4sC14=
github.com/jackc/pgpassfile v1.0.0/go.mod h1:1G9T42p9x4Tr2b9rD4D/4sDk+S41NJiA20x9lVUd63w=
github.com/jackc/pgservicefile v0.0.0-20221227161230-091c0ba34f0a h1:P8jKResf4O20J1APzQ3NfT23yNnFpciP52sUmOMELoY=
github.com/jackc/pgservicefile v0.0.0-20221227161230-091c0ba34f0a/go.mod h1:5IWEsUTb5qP3pI+8B2a/I3e/k52kY43859LzTfTAnzY=
github.com/jackc/pgx/v5 v5.3.1 h1:PVIxAPyQNb3nI5Z4K2aTf3gqaa1iJTH2t2i22822aV0=
github.com/jackc/pgx/v5 v5.3.1/go.mod h1:6Ske5f2ETrcbK9w2xP2a6l23s2j4pBih9imf3mNE8a8=
github.com/jinzhu/inflection v1.0.0 h1:Q3NRpMhWk3D/IDVnS3o2x380kHTy3gPlh/4Tq2k5rL8=
github.com/jinzhu/inflection v1.0.0/go.mod h1:Q3NRpMhWk3D/IDVnS3o2x380kHTy3gPlh/4Tq2k5rL8=
github.com/jinzhu/now v1.1.5 h1:mGu3nIe+mkttMAsfC1D/3Q3N23yQY2QrP7c2NAe+s2o=
github.com/jinzhu/now v1.1.5/go.mod h1:mGu3nIe+mkttMAsfC1D/3Q3N23yQY2QrP7c2NAe+s2o=
golang.org/x/crypto v0.8.0 h1:i1r0S7hjwGf2sUKETBvqhfgAY3yDk5qf5edGKN5F4+I=
golang.org/x/crypto v0.8.0/go.mod h1:pYyrtnffs++2lS1jGo/QVMb/ViJg3O3o33s+y6QcTfM=
golang.org/x/text v0.9.0 h1:aIqgbgd5v2EeI8v8n23gZ9pSRi82jwGx4yG8h5oNx3U=
golang.org/x/text v0.9.0/go.mod h1:TvPlk1YOoDveGke2dI3VJdODspb52a44tB2oUXK81vA=
gorm.io/driver/postgres v1.5.2 h1:KAPfS22xsQe2tVl/eWn3fG/5oTdnr50nS12L5HkQ83E=
gorm.io/driver/postgres v1.5.2/go.mod h1:z1rMvM9sM5rJz+i/d/v0t3l6jQ2v1wz4gJ2b5lT0H4U=
gorm.io/gorm v1.25.4 h1:d+3u+GfPyN9TM2T2vjQd1pGfW0s2H3tGYE2vj2A4i4w=
gorm.io/gorm v1.25.4/go.mod h1:kZ5u4wHtG4L0gD8H1j2E2w/yJXCx8/u2qVf3b4O30Hw=
